// !$*UTF8*$!
{
	archiveVersion = 1;
	classes = {
	};
	objectVersion = 50;
	objects = {

/* Begin PBXBuildFile section */
		A2744CA9279E935D0050DE82 /* swiftui_projektApp.swift in Sources */ = {isa = PBXBuildFile; fileRef = A2744CA8279E935D0050DE82 /* swiftui_projektApp.swift */; };
		A2744CAB279E935D0050DE82 /* ContentView.swift in Sources */ = {isa = PBXBuildFile; fileRef = A2744CAA279E935D0050DE82 /* ContentView.swift */; };
		A2744CAD279E935F0050DE82 /* Assets.xcassets in Resources */ = {isa = PBXBuildFile; fileRef = A2744CAC279E935F0050DE82 /* Assets.xcassets */; };
		A2744CB0279E935F0050DE82 /* Preview Assets.xcassets in Resources */ = {isa = PBXBuildFile; fileRef = A2744CAF279E935F0050DE82 /* Preview Assets.xcassets */; };
		A2EF6099279FDF7E0073901D /* books.swift in Sources */ = {isa = PBXBuildFile; fileRef = A2EF6098279FDF7E0073901D /* books.swift */; };
/* End PBXBuildFile section */

/* Begin PBXFileReference section */
		A2744CA5279E935D0050DE82 /* swiftui_projekt.app */ = {isa = PBXFileReference; explicitFileType = wrapper.application; includeInIndex = 0; path = swiftui_projekt.app; sourceTree = BUILT_PRODUCTS_DIR; };
		A2744CA8279E935D0050DE82 /* swiftui_projektApp.swift */ = {isa = PBXFileReference; lastKnownFileType = sourcecode.swift; path = swiftui_projektApp.swift; sourceTree = "<group>"; };
		A2744CAA279E935D0050DE82 /* ContentView.swift */ = {isa = PBXFileReference; lastKnownFileType = sourcecode.swift; path = ContentView.swift; sourceTree = "<group>"; };
		A2744CAC279E935F0050DE82 /* Assets.xcassets */ = {isa = PBXFileReference; lastKnownFileType = folder.assetcatalog; path = Assets.xcassets; sourceTree = "<group>"; };
		A2744CAF279E935F0050DE82 /* Preview Assets.xcassets */ = {isa = PBXFileReference; lastKnownFileType = folder.assetcatalog; path = "Preview Assets.xcassets"; sourceTree = "<group>"; };
		A2744CB1279E935F0050DE82 /* Info.plist */ = {isa = PBXFileReference; lastKnownFileType = text.plist.xml; path = Info.plist; sourceTree = "<group>"; };
		A2EF6098279FDF7E0073901D /* books.swift */ = {isa = PBXFileReference; lastKnownFileType = sourcecode.swift; path = books.swift; sourceTree = "<group>"; };
/* End PBXFileReference section */

/* Begin PBXFrameworksBuildPhase section */
		A2744CA2279E935D0050DE82 /* Frameworks */ = {
			isa = PBXFrameworksBuildPhase;
			buildActionMask = 2147483647;
			files = (
			);
			runOnlyForDeploymentPostprocessing = 0;
		};
/* End PBXFrameworksBuildPhase section */

/* Begin PBXGroup section */
		A2744C9C279E935D0050DE82 = {
			isa = PBXGroup;
			children = (
				A2744CA7279E935D0050DE82 /* swiftui_projekt */,
				A2744CA6279E935D0050DE82 /* Products */,
			);
			sourceTree = "<group>";
		};
		A2744CA6279E935D0050DE82 /* Products */ = {
			isa = PBXGroup;
			children = (
				A2744CA5279E935D0050DE82 /* swiftui_projekt.app */,
			);
			name = Products;
			sourceTree = "<group>";
		};
		A2744CA7279E935D0050DE82 /* swiftui_projekt */ = {
			isa = PBXGroup;
			children = (
				A2744CA8279E935D0050DE82 /* swiftui_projektApp.swift */,
				A2744CAA279E935D0050DE82 /* ContentView.swift */,
				A2EF6098279FDF7E0073901D /* books.swift */,
				A2744CAC279E935F0050DE82 /* Assets.xcassets */,
				A2744CB1279E935F0050DE82 /* Info.plist */,
				A2744CAE279E935F0050DE82 /* Preview Content */,
			);
			path = swiftui_projekt;
			sourceTree = "<group>";
		};
		A2744CAE279E935F0050DE82 /* Preview Content */ = {
			isa = PBXGroup;
			children = (
				A2744CAF279E935F0050DE82 /* Preview Assets.xcassets */,
			);
			path = "Preview Content";
			sourceTree = "<group>";
		};
/* End PBXGroup section */

/* Begin PBXNativeTarget section */
		A2744CA4279E935D0050DE82 /* swiftui_projekt */ = {
			isa = PBXNativeTarget;
			buildConfigurationList = A2744CB4279E935F0050DE82 /* Build configuration list for PBXNativeTarget "swiftui_projekt" */;
			buildPhases = (
				A2744CA1279E935D0050DE82 /* Sources */,
				A2744CA2279E935D0050DE82 /* Frameworks */,
				A2744CA3279E935D0050DE82 /* Resources */,
			);
			buildRules = (
			);
			dependencies = (
			);
			name = swiftui_projekt;
			productName = swiftui_projekt;
			productReference = A2744CA5279E935D0050DE82 /* swiftui_projekt.app */;
			productType = "com.apple.product-type.application";
		};
/* End PBXNativeTarget section */

/* Begin PBXProject section */
		A2744C9D279E935D0050DE82 /* Project object */ = {
			isa = PBXProject;
			attributes = {
				LastSwiftUpdateCheck = 1250;
				LastUpgradeCheck = 1250;
				TargetAttributes = {
					A2744CA4279E935D0050DE82 = {
						CreatedOnToolsVersion = 12.5;
					};
				};
			};
			buildConfigurationList = A2744CA0279E935D0050DE82 /* Build configuration list for PBXProject "swiftui_projekt" */;
			compatibilityVersion = "Xcode 9.3";
			developmentRegion = en;
			hasScannedForEncodings = 0;
			knownRegions = (
				en,
				Base,
			);
			mainGroup = A2744C9C279E935D0050DE82;
			productRefGroup = A2744CA6279E935D0050DE82 /* Products */;
			projectDirPath = "";
			projectRoot = "";
			targets = (
				A2744CA4279E935D0050DE82 /* swiftui_projekt */,
			);
		};
/* End PBXProject section */

/* Begin PBXResourcesBuildPhase section */
		A2744CA3279E935D0050DE82 /* Resources */ = {
			isa = PBXResourcesBuildPhase;
			buildActionMask = 2147483647;
			files = (
				A2744CB0279E935F0050DE82 /* Preview Assets.xcassets in Resources */,
				A2744CAD279E935F0050DE82 /* Assets.xcassets in Resources */,
			);
			runOnlyForDeploymentPostprocessing = 0;
		};
/* End PBXResourcesBuildPhase section */

/* Begin PBXSourcesBuildPhase section */
		A2744CA1279E935D0050DE82 /* Sources */ = {
			isa = PBXSourcesBuildPhase;
			buildActionMask = 2147483647;
			files = (
				A2744CAB279E935D0050DE82 /* ContentView.swift in Sources */,
				A2EF6099279FDF7E0073901D /* books.swift in Sources */,
				A2744CA9279E935D0050DE82 /* swiftui_projektApp.swift in Sources */,
			);
			runOnlyForDeploymentPostprocessing = 0;
		};
/* End PBXSourcesBuildPhase section */

/* Begin XCBuildConfiguration section */
		A2744CB2279E935F0050DE82 /* Debug */ = {
			isa = XCBuildConfiguration;
			buildSettings = {
				ALWAYS_SEARCH_USER_PATHS = NO;
				CLANG_ANALYZER_NONNULL = YES;
				CLANG_ANALYZER_NUMBER_OBJECT_CONVERSION = YES_AGGRESSIVE;
				CLANG_CXX_LANGUAGE_STANDARD = "gnu++14";
				CLANG_CXX_LIBRARY = "libc++";
				CLANG_ENABLE_MODULES = YES;
				CLANG_ENABLE_OBJC_ARC = YES;
				CLANG_ENABLE_OBJC_WEAK = YES;
				CLANG_WARN_BLOCK_CAPTURE_AUTORELEASING = YES;
				CLANG_WARN_BOOL_CONVERSION = YES;
				CLANG_WARN_COMMA = YES;
				CLANG_WARN_CONSTANT_CONVERSION = YES;
				CLANG_WARN_DEPRECATED_OBJC_IMPLEMENTATIONS = YES;
				CLANG_WARN_DIRECT_OBJC_ISA_USAGE = YES_ERROR;
				CLANG_WARN_DOCUMENTATION_COMMENTS = YES;
				CLANG_WARN_EMPTY_BODY = YES;
				CLANG_WARN_ENUM_CONVERSION = YES;
				CLANG_WARN_INFINITE_RECURSION = YES;
				CLANG_WARN_INT_CONVERSION = YES;
				CLANG_WARN_NON_LITERAL_NULL_CONVERSION = YES;
				CLANG_WARN_OBJC_IMPLICIT_RETAIN_SELF = YES;
				CLANG_WARN_OBJC_LITERAL_CONVERSION = YES;
				CLANG_WARN_OBJC_ROOT_CLASS = YES_ERROR;
				CLANG_WARN_QUOTED_INCLUDE_IN_FRAMEWORK_HEADER = YES;
				CLANG_WARN_RANGE_LOOP_ANALYSIS = YES;
				CLANG_WARN_STRICT_PROTOTYPES = YES;
				CLANG_WARN_SUSPICIOUS_MOVE = YES;
				CLANG_WARN_UNGUARDED_AVAILABILITY = YES_AGGRESSIVE;
				CLANG_WARN_UNREACHABLE_CODE = YES;
				CLANG_WARN__DUPLICATE_METHOD_MATCH = YES;
				COPY_PHASE_STRIP = NO;
				DEBUG_INFORMATION_FORMAT = dwarf;
				ENABLE_STRICT_OBJC_MSGSEND = YES;
				ENABLE_TESTABILITY = YES;
				GCC_C_LANGUAGE_STANDARD = gnu11;
				GCC_DYNAMIC_NO_PIC = NO;
				GCC_NO_COMMON_BLOCKS = YES;
				GCC_OPTIMIZATION_LEVEL = 0;
				GCC_PREPROCESSOR_DEFINITIONS = (
					"DEBUG=1",
					"$(inherited)",
				);
				GCC_WARN_64_TO_32_BIT_CONVERSION = YES;
				GCC_WARN_ABOUT_RETURN_TYPE = YES_ERROR;
				GCC_WARN_UNDECLARED_SELECTOR = YES;
				GCC_WARN_UNINITIALIZED_AUTOS = YES_AGGRESSIVE;
				GCC_WARN_UNUSED_FUNCTION = YES;
				GCC_WARN_UNUSED_VARIABLE = YES;
				IPHONEOS_DEPLOYMENT_TARGET = 14.5;
				MTL_ENABLE_DEBUG_INFO = INCLUDE_SOURCE;
				MTL_FAST_MATH = YES;
				ONLY_ACTIVE_ARCH = YES;
				SDKROOT = iphoneos;
				SWIFT_ACTIVE_COMPILATION_CONDITIONS = DEBUG;
				SWIFT_OPTIMIZATION_LEVEL = "-Onone";
			};
			name = Debug;
		};
		A2744CB3279E935F0050DE82 /* Release */ = {
			isa = XCBuildConfiguration;
			buildSettings = {
				ALWAYS_SEARCH_USER_PATHS = NO;
				CLANG_ANALYZER_NONNULL = YES;
				CLANG_ANALYZER_NUMBER_OBJECT_CONVERSION = YES_AGGRESSIVE;
				CLANG_CXX_LANGUAGE_STANDARD = "gnu++14";
				CLANG_CXX_LIBRARY = "libc++";
				CLANG_ENABLE_MODULES = YES;
				CLANG_ENABLE_OBJC_ARC = YES;
				CLANG_ENABLE_OBJC_WEAK = YES;
				CLANG_WARN_BLOCK_CAPTURE_AUTORELEASING = YES;
				CLANG_WARN_BOOL_CONVERSION = YES;
				CLANG_WARN_COMMA = YES;
				CLANG_WARN_CONSTANT_CONVERSION = YES;
				CLANG_WARN_DEPRECATED_OBJC_IMPLEMENTATIONS = YES;
				CLANG_WARN_DIRECT_OBJC_ISA_USAGE = YES_ERROR;
				CLANG_WARN_DOCUMENTATION_COMMENTS = YES;
				CLANG_WARN_EMPTY_BODY = YES;
				CLANG_WARN_ENUM_CONVERSION = YES;
				CLANG_WARN_INFINITE_RECURSION = YES;
				CLANG_WARN_INT_CONVERSION = YES;
				CLANG_WARN_NON_LITERAL_NULL_CONVERSION = YES;
				CLANG_WARN_OBJC_IMPLICIT_RETAIN_SELF = YES;
				CLANG_WARN_OBJC_LITERAL_CONVERSION = YES;
				CLANG_WARN_OBJC_ROOT_CLASS = YES_ERROR;
				CLANG_WARN_QUOTED_INCLUDE_IN_FRAMEWORK_HEADER = YES;
				CLANG_WARN_RANGE_LOOP_ANALYSIS = YES;
				CLANG_WARN_STRICT_PROTOTYPES = YES;
				CLANG_WARN_SUSPICIOUS_MOVE = YES;
				CLANG_WARN_UNGUARDED_AVAILABILITY = YES_AGGRESSIVE;
				CLANG_WARN_UNREACHABLE_CODE = YES;
				CLANG_WARN__DUPLICATE_METHOD_MATCH = YES;
				COPY_PHASE_STRIP = NO;
				DEBUG_INFORMATION_FORMAT = "dwarf-with-dsym";
				ENABLE_NS_ASSERTIONS = NO;
				ENABLE_STRICT_OBJC_MSGSEND = YES;
				GCC_C_LANGUAGE_STANDARD = gnu11;
				GCC_NO_COMMON_BLOCKS = YES;
				GCC_WARN_64_TO_32_BIT_CONVERSION = YES;
				GCC_WARN_ABOUT_RETURN_TYPE = YES_ERROR;
				GCC_WARN_UNDECLARED_SELECTOR = YES;
				GCC_WARN_UNINITIALIZED_AUTOS = YES_AGGRESSIVE;
				GCC_WARN_UNUSED_FUNCTION = YES;
				GCC_WARN_UNUSED_VARIABLE = YES;
				IPHONEOS_DEPLOYMENT_TARGET = 14.5;
				MTL_ENABLE_DEBUG_INFO = NO;
				MTL_FAST_MATH = YES;
				SDKROOT = iphoneos;
				SWIFT_COMPILATION_MODE = wholemodule;
				SWIFT_OPTIMIZATION_LEVEL = "-O";
				VALIDATE_PRODUCT = YES;
			};
			name = Release;
		};
		A2744CB5279E935F0050DE82 /* Debug */ = {
			isa = XCBuildConfiguration;
			buildSettings = {
				ASSETCATALOG_COMPILER_APPICON_NAME = AppIcon;
				ASSETCATALOG_COMPILER_GLOBAL_ACCENT_COLOR_NAME = AccentColor;
				CODE_SIGN_STYLE = Automatic;
				DEVELOPMENT_ASSET_PATHS = "\"swiftui_projekt/Preview Content\"";
				ENABLE_PREVIEWS = YES;
				INFOPLIST_FILE = swiftui_projekt/Info.plist;
				IPHONEOS_DEPLOYMENT_TARGET = 14.0;
				LD_RUNPATH_SEARCH_PATHS = (
					"$(inherited)",
					"@executable_path/Frameworks",
				);
				PRODUCT_BUNDLE_IDENTIFIER = "fabian.swiftui-projekt";
				PRODUCT_NAME = "$(TARGET_NAME)";
				SWIFT_VERSION = 5.0;
				TARGETED_DEVICE_FAMILY = "1,2";
			};
			name = Debug;
		};
		A2744CB6279E935F0050DE82 /* Release */ = {
			isa = XCBuildConfiguration;
			buildSettings = {
				ASSETCATALOG_COMPILER_APPICON_NAME = AppIcon;
				ASSETCATALOG_COMPILER_GLOBAL_ACCENT_COLOR_NAME = AccentColor;
				CODE_SIGN_STYLE = Automatic;
				DEVELOPMENT_ASSET_PATHS = "\"swiftui_projekt/Preview Content\"";
				ENABLE_PREVIEWS = YES;
				INFOPLIST_FILE = swiftui_projekt/Info.plist;
				IPHONEOS_DEPLOYMENT_TARGET = 14.0;
				LD_RUNPATH_SEARCH_PATHS = (
					"$(inherited)",
					"@executable_path/Frameworks",
				);
				PRODUCT_BUNDLE_IDENTIFIER = "fabian.swiftui-projekt";
				PRODUCT_NAME = "$(TARGET_NAME)";
				SWIFT_VERSION = 5.0;
				TARGETED_DEVICE_FAMILY = "1,2";
			};
			name = Release;
		};
/* End XCBuildConfiguration section */

/* Begin XCConfigurationList section */
		A2744CA0279E935D0050DE82 /* Build configuration list for PBXProject "swiftui_projekt" */ = {
			isa = XCConfigurationList;
			buildConfigurations = (
				A2744CB2279E935F0050DE82 /* Debug */,
				A2744CB3279E935F0050DE82 /* Release */,
			);
			defaultConfigurationIsVisible = 0;
			defaultConfigurationName = Release;
		};
		A2744CB4279E935F0050DE82 /* Build configuration list for PBXNativeTarget "swiftui_projekt" */ = {
			isa = XCConfigurationList;
			buildConfigurations = (
				A2744CB5279E935F0050DE82 /* Debug */,
				A2744CB6279E935F0050DE82 /* Release */,
			);
			defaultConfigurationIsVisible = 0;
			defaultConfigurationName = Release;
		};
/* End XCConfigurationList section */
	};
	rootObject = A2744C9D279E935D0050DE82 /* Project object */;
}
